
Microsoft Visual Studio Solution File, Format Version 12.00
# Visual Studio Version 16
VisualStudioVersion = 16.0.30907.101
MinimumVisualStudioVersion = 10.0.40219.1
Project("{FAE04EC0-301F-11D3-BF4B-00C04F79EFBC}") = "Quản Lý Khách Sạn", "Quản Lý Khách Sạn\Quản Lý Khách Sạn.csproj", "{1C0B7A91-59A0-4E5C-AD36-B61715452B8B}"
EndProject
Global
	GlobalSection(SolutionConfigurationPlatforms) = preSolution
		Debug|Any CPU = Debug|Any CPU
		Release|Any CPU = Release|Any CPU
	EndGlobalSection
	GlobalSection(ProjectConfigurationPlatforms) = postSolution
		{1C0B7A91-59A0-4E5C-AD36-B61715452B8B}.Debug|Any CPU.ActiveCfg = Debug|Any CPU
		{1C0B7A91-59A0-4E5C-AD36-B61715452B8B}.Debug|Any CPU.Build.0 = Debug|Any CPU
		{1C0B7A91-59A0-4E5C-AD36-B61715452B8B}.Release|Any CPU.ActiveCfg = Release|Any CPU
		{1C0B7A91-59A0-4E5C-AD36-B61715452B8B}.Release|Any CPU.Build.0 = Release|Any CPU
	EndGlobalSection
	GlobalSection(SolutionProperties) = preSolution
		HideSolutionNode = FALSE
	EndGlobalSection
	GlobalSection(ExtensibilityGlobals) = postSolution
		SolutionGuid = {DAF66CC5-B6E3-4CDA-92D8-024816109D3C}
	EndGlobalSection
EndGlobal
